
Microsoft Visual Studio Solution File, Format Version 12.00
# Visual Studio Version 17
VisualStudioVersion = 17.5.2.0
MinimumVisualStudioVersion = 10.0.40219.1
Project("{FAE04EC0-301F-11D3-BF4B-00C04F79EFBC}") = "IdleBusiness.Data", "IdleBusiness.Data\IdleBusiness.Data.csproj", "{DE6D5A05-57E3-4774-83F1-CDC38BE723F7}"
EndProject
Project("{FAE04EC0-301F-11D3-BF4B-00C04F79EFBC}") = "IdleBusiness.Web", "IdleBusiness.Web\IdleBusiness.Web.csproj", "{E0BE9EEA-387D-40A2-90C8-403294AE3A95}"
EndProject
Global
	GlobalSection(SolutionConfigurationPlatforms) = preSolution
		Debug|Any CPU = Debug|Any CPU
		Debug|x64 = Debug|x64
		Debug|x86 = Debug|x86
		Release|Any CPU = Release|Any CPU
		Release|x64 = Release|x64
		Release|x86 = Release|x86
	EndGlobalSection
	GlobalSection(ProjectConfigurationPlatforms) = postSolution
		{DE6D5A05-57E3-4774-83F1-CDC38BE723F7}.Debug|Any CPU.ActiveCfg = Debug|Any CPU
		{DE6D5A05-57E3-4774-83F1-CDC38BE723F7}.Debug|Any CPU.Build.0 = Debug|Any CPU
		{DE6D5A05-57E3-4774-83F1-CDC38BE723F7}.Debug|x64.ActiveCfg = Debug|Any CPU
		{DE6D5A05-57E3-4774-83F1-CDC38BE723F7}.Debug|x64.Build.0 = Debug|Any CPU
		{DE6D5A05-57E3-4774-83F1-CDC38BE723F7}.Debug|x86.ActiveCfg = Debug|Any CPU
		{DE6D5A05-57E3-4774-83F1-CDC38BE723F7}.Debug|x86.Build.0 = Debug|Any CPU
		{DE6D5A05-57E3-4774-83F1-CDC38BE723F7}.Release|Any CPU.ActiveCfg = Release|Any CPU
		{DE6D5A05-57E3-4774-83F1-CDC38BE723F7}.Release|Any CPU.Build.0 = Release|Any CPU
		{DE6D5A05-57E3-4774-83F1-CDC38BE723F7}.Release|x64.ActiveCfg = Release|Any CPU
		{DE6D5A05-57E3-4774-83F1-CDC38BE723F7}.Release|x64.Build.0 = Release|Any CPU
		{DE6D5A05-57E3-4774-83F1-CDC38BE723F7}.Release|x86.ActiveCfg = Release|Any CPU
		{DE6D5A05-57E3-4774-83F1-CDC38BE723F7}.Release|x86.Build.0 = Release|Any CPU
		{E0BE9EEA-387D-40A2-90C8-403294AE3A95}.Debug|Any CPU.ActiveCfg = Debug|Any CPU
		{E0BE9EEA-387D-40A2-90C8-403294AE3A95}.Debug|Any CPU.Build.0 = Debug|Any CPU
		{E0BE9EEA-387D-40A2-90C8-403294AE3A95}.Debug|x64.ActiveCfg = Debug|Any CPU
		{E0BE9EEA-387D-40A2-90C8-403294AE3A95}.Debug|x64.Build.0 = Debug|Any CPU
		{E0BE9EEA-387D-40A2-90C8-403294AE3A95}.Debug|x86.ActiveCfg = Debug|Any CPU
		{E0BE9EEA-387D-40A2-90C8-403294AE3A95}.Debug|x86.Build.0 = Debug|Any CPU
		{E0BE9EEA-387D-40A2-90C8-403294AE3A95}.Release|Any CPU.ActiveCfg = Release|Any CPU
		{E0BE9EEA-387D-40A2-90C8-403294AE3A95}.Release|Any CPU.Build.0 = Release|Any CPU
		{E0BE9EEA-387D-40A2-90C8-403294AE3A95}.Release|x64.ActiveCfg = Release|Any CPU
		{E0BE9EEA-387D-40A2-90C8-403294AE3A95}.Release|x64.Build.0 = Release|Any CPU
		{E0BE9EEA-387D-40A2-90C8-403294AE3A95}.Release|x86.ActiveCfg = Release|Any CPU
		{E0BE9EEA-387D-40A2-90C8-403294AE3A95}.Release|x86.Build.0 = Release|Any CPU
	EndGlobalSection
	GlobalSection(SolutionProperties) = preSolution
		HideSolutionNode = FALSE
	EndGlobalSection
	GlobalSection(ExtensibilityGlobals) = postSolution
		SolutionGuid = {D449A5F7-99A9-4B5C-8028-3ADFA5797A53}
	EndGlobalSection
EndGlobal
